<?xml version="1.0" encoding="utf-8"?>
<Project ToolsVersion="4.0" xmlns="http://schemas.microsoft.com/developer/msbuild/2003">
  <ItemGroup>
    <Filter Include="src">
      <UniqueIdentifier>{5453600e-cf98-4a8f-a8ae-699db2c73a10}</UniqueIdentifier>
    </Filter>
    <Filter Include="src\tests">
      <UniqueIdentifier>{4af261c0-286d-4924-a446-487daf86bea2}</UniqueIdentifier>
    </Filter>
    <Filter Include="src\shaders">
      <UniqueIdentifier>{21830850-5767-4f40-b429-22836825279f}</UniqueIdentifier>
    </Filter>
  </ItemGroup>
  <ItemGroup>
    <None Include="shaders\AdvancedLighting.shader">
      <Filter>src\shaders</Filter>
    </None>
    <None Include="shaders\postfx.shader">
      <Filter>src\shaders</Filter>
    </None>
    <None Include="shaders\Scene.shader">
      <Filter>src\shaders</Filter>
    </None>
    <None Include="shaders\ShadowPass.shader">
      <Filter>src\shaders</Filter>
    </None>
    <None Include="shaders\Skybox.hlsl">
      <Filter>src\shaders</Filter>
    </None>
    <None Include="shaders\Skybox.shader">
      <Filter>src\shaders</Filter>
    </None>
    <None Include="shaders\StandardLighting.shader">
      <Filter>src\shaders</Filter>
    </None>
  </ItemGroup>
  <ItemGroup>
    <ClCompile Include="src\DeferredTest.cpp">
      <Filter>src\tests</Filter>
    </ClCompile>
    <ClCompile Include="src\SponzaTest.cpp">
      <Filter>src\tests</Filter>
    </ClCompile>
    <ClCompile Include="src\Test2D.cpp">
      <Filter>src\tests</Filter>
    </ClCompile>
    <ClCompile Include="src\Test3D.cpp">
      <Filter>src\tests</Filter>
    </ClCompile>
    <ClCompile Include="src\Sandbox.cpp">
      <Filter>src</Filter>
    </ClCompile>
    <ClCompile Include="src\ShadowTest.cpp" />
  </ItemGroup>
  <ItemGroup>
    <ClInclude Include="src\DeferredTest.h">
      <Filter>src\tests</Filter>
    </ClInclude>
    <ClInclude Include="src\SponzaTest.h">
      <Filter>src\tests</Filter>
    </ClInclude>
    <ClInclude Include="src\Test2D.h">
      <Filter>src\tests</Filter>
    </ClInclude>
    <ClInclude Include="src\Test3D.h">
      <Filter>src\tests</Filter>
    </ClInclude>
    <ClInclude Include="src\ShadowTest.h" />
  </ItemGroup>
  <ItemGroup>
    <Text Include="shaders\AdvancedLighting.hlsl" />
    <Text Include="shaders\DepthPass.hlsl" />
  </ItemGroup>
</Project>