<?xml version="1.0" encoding="utf-8"?>
<Project ToolsVersion="4.0" xmlns="http://schemas.microsoft.com/developer/msbuild/2003">
  <ItemGroup>
    <Filter Include="Source Files">
      <UniqueIdentifier>{4FC737F1-C7A5-4376-A066-2A32D752A2FF}</UniqueIdentifier>
      <Extensions>cpp;c;cc;cxx;def;odl;idl;hpj;bat;asm;asmx</Extensions>
    </Filter>
    <Filter Include="Header Files">
      <UniqueIdentifier>{93995380-89BD-4b04-88EB-625FBE52EBFB}</UniqueIdentifier>
      <Extensions>h;hh;hpp;hxx;hm;inl;inc;xsd</Extensions>
    </Filter>
    <Filter Include="Resource Files">
      <UniqueIdentifier>{67DA6AB6-F800-4c08-8B7A-83BB121AAD01}</UniqueIdentifier>
      <Extensions>rc;ico;cur;bmp;dlg;rc2;rct;bin;rgs;gif;jpg;jpeg;jpe;resx;tiff;tif;png;wav;mfcribbon-ms</Extensions>
    </Filter>
    <Filter Include="Header Files\detail">
      <UniqueIdentifier>{72f92903-4021-4f7d-bb1f-7161233560ab}</UniqueIdentifier>
    </Filter>
    <Filter Include="Header Files\detail\conversion_policies">
      <UniqueIdentifier>{a6870989-1021-4e75-ac72-efc16e893085}</UniqueIdentifier>
    </Filter>
  </ItemGroup>
  <ItemGroup>
    <ClCompile Include="src\class.cpp">
      <Filter>Source Files</Filter>
    </ClCompile>
    <ClCompile Include="src\class_info.cpp">
      <Filter>Source Files</Filter>
    </ClCompile>
    <ClCompile Include="src\class_registry.cpp">
      <Filter>Source Files</Filter>
    </ClCompile>
    <ClCompile Include="src\class_rep.cpp">
      <Filter>Source Files</Filter>
    </ClCompile>
    <ClCompile Include="src\create_class.cpp">
      <Filter>Source Files</Filter>
    </ClCompile>
    <ClCompile Include="src\error.cpp">
      <Filter>Source Files</Filter>
    </ClCompile>
    <ClCompile Include="src\exception_handler.cpp">
      <Filter>Source Files</Filter>
    </ClCompile>
    <ClCompile Include="src\function.cpp">
      <Filter>Source Files</Filter>
    </ClCompile>
    <ClCompile Include="src\function_introspection.cpp">
      <Filter>Source Files</Filter>
    </ClCompile>
    <ClCompile Include="src\headertest.cpp">
      <Filter>Source Files</Filter>
    </ClCompile>
    <ClCompile Include="src\inheritance.cpp">
      <Filter>Source Files</Filter>
    </ClCompile>
    <ClCompile Include="src\link_compatibility.cpp">
      <Filter>Source Files</Filter>
    </ClCompile>
    <ClCompile Include="src\object_rep.cpp">
      <Filter>Source Files</Filter>
    </ClCompile>
    <ClCompile Include="src\open.cpp">
      <Filter>Source Files</Filter>
    </ClCompile>
    <ClCompile Include="src\operator.cpp">
      <Filter>Source Files</Filter>
    </ClCompile>
    <ClCompile Include="src\pcall.cpp">
      <Filter>Source Files</Filter>
    </ClCompile>
    <ClCompile Include="src\scope.cpp">
      <Filter>Source Files</Filter>
    </ClCompile>
    <ClCompile Include="src\set_package_preload.cpp">
      <Filter>Source Files</Filter>
    </ClCompile>
    <ClCompile Include="src\stack_content_by_name.cpp">
      <Filter>Source Files</Filter>
    </ClCompile>
    <ClCompile Include="src\weak_ref.cpp">
      <Filter>Source Files</Filter>
    </ClCompile>
    <ClCompile Include="src\wrapper_base.cpp">
      <Filter>Source Files</Filter>
    </ClCompile>
  </ItemGroup>
  <ItemGroup>
    <ClInclude Include="luabind\adopt_policy.hpp">
      <Filter>Header Files</Filter>
    </ClInclude>
    <ClInclude Include="luabind\back_reference.hpp">
      <Filter>Header Files</Filter>
    </ClInclude>
    <ClInclude Include="luabind\class.hpp">
      <Filter>Header Files</Filter>
    </ClInclude>
    <ClInclude Include="luabind\class_info.hpp">
      <Filter>Header Files</Filter>
    </ClInclude>
    <ClInclude Include="luabind\config.hpp">
      <Filter>Header Files</Filter>
    </ClInclude>
    <ClInclude Include="luabind\container_policy.hpp">
      <Filter>Header Files</Filter>
    </ClInclude>
    <ClInclude Include="luabind\copy_policy.hpp">
      <Filter>Header Files</Filter>
    </ClInclude>
    <ClInclude Include="luabind\dependency_policy.hpp">
      <Filter>Header Files</Filter>
    </ClInclude>
    <ClInclude Include="luabind\discard_result_policy.hpp">
      <Filter>Header Files</Filter>
    </ClInclude>
    <ClInclude Include="luabind\error.hpp">
      <Filter>Header Files</Filter>
    </ClInclude>
    <ClInclude Include="luabind\error_callback_fun.hpp">
      <Filter>Header Files</Filter>
    </ClInclude>
    <ClInclude Include="luabind\exception_handler.hpp">
      <Filter>Header Files</Filter>
    </ClInclude>
    <ClInclude Include="luabind\from_stack.hpp">
      <Filter>Header Files</Filter>
    </ClInclude>
    <ClInclude Include="luabind\function.hpp">
      <Filter>Header Files</Filter>
    </ClInclude>
    <ClInclude Include="luabind\function_introspection.hpp">
      <Filter>Header Files</Filter>
    </ClInclude>
    <ClInclude Include="luabind\get_main_thread.hpp">
      <Filter>Header Files</Filter>
    </ClInclude>
    <ClInclude Include="luabind\handle.hpp">
      <Filter>Header Files</Filter>
    </ClInclude>
    <ClInclude Include="luabind\iterator_policy.hpp">
      <Filter>Header Files</Filter>
    </ClInclude>
    <ClInclude Include="luabind\lua_argument_proxy.hpp">
      <Filter>Header Files</Filter>
    </ClInclude>
    <ClInclude Include="luabind\lua_include.hpp">
      <Filter>Header Files</Filter>
    </ClInclude>
    <ClInclude Include="luabind\lua_index_proxy.hpp">
      <Filter>Header Files</Filter>
    </ClInclude>
    <ClInclude Include="luabind\lua_iterator_proxy.hpp">
      <Filter>Header Files</Filter>
    </ClInclude>
    <ClInclude Include="luabind\lua_proxy.hpp">
      <Filter>Header Files</Filter>
    </ClInclude>
    <ClInclude Include="luabind\lua_proxy_interface.hpp">
      <Filter>Header Files</Filter>
    </ClInclude>
    <ClInclude Include="luabind\lua_state_fwd.hpp">
      <Filter>Header Files</Filter>
    </ClInclude>
    <ClInclude Include="luabind\luabind.hpp">
      <Filter>Header Files</Filter>
    </ClInclude>
    <ClInclude Include="luabind\make_function.hpp">
      <Filter>Header Files</Filter>
    </ClInclude>
    <ClInclude Include="luabind\nil.hpp">
      <Filter>Header Files</Filter>
    </ClInclude>
    <ClInclude Include="luabind\no_dependency.hpp">
      <Filter>Header Files</Filter>
    </ClInclude>
    <ClInclude Include="luabind\object.hpp">
      <Filter>Header Files</Filter>
    </ClInclude>
    <ClInclude Include="luabind\open.hpp">
      <Filter>Header Files</Filter>
    </ClInclude>
    <ClInclude Include="luabind\operator.hpp">
      <Filter>Header Files</Filter>
    </ClInclude>
    <ClInclude Include="luabind\out_value_policy.hpp">
      <Filter>Header Files</Filter>
    </ClInclude>
    <ClInclude Include="luabind\pointer_traits.hpp">
      <Filter>Header Files</Filter>
    </ClInclude>
    <ClInclude Include="luabind\prefix.hpp">
      <Filter>Header Files</Filter>
    </ClInclude>
    <ClInclude Include="luabind\raw_policy.hpp">
      <Filter>Header Files</Filter>
    </ClInclude>
    <ClInclude Include="luabind\return_reference_to_policy.hpp">
      <Filter>Header Files</Filter>
    </ClInclude>
    <ClInclude Include="luabind\scope.hpp">
      <Filter>Header Files</Filter>
    </ClInclude>
    <ClInclude Include="luabind\set_package_preload.hpp">
      <Filter>Header Files</Filter>
    </ClInclude>
    <ClInclude Include="luabind\shared_ptr_converter.hpp">
      <Filter>Header Files</Filter>
    </ClInclude>
    <ClInclude Include="luabind\tag_function.hpp">
      <Filter>Header Files</Filter>
    </ClInclude>
    <ClInclude Include="luabind\typeid.hpp">
      <Filter>Header Files</Filter>
    </ClInclude>
    <ClInclude Include="luabind\version.hpp">
      <Filter>Header Files</Filter>
    </ClInclude>
    <ClInclude Include="luabind\weak_ref.hpp">
      <Filter>Header Files</Filter>
    </ClInclude>
    <ClInclude Include="luabind\wrapper_base.hpp">
      <Filter>Header Files</Filter>
    </ClInclude>
    <ClInclude Include="luabind\yield_policy.hpp">
      <Filter>Header Files</Filter>
    </ClInclude>
    <ClInclude Include="luabind\detail\call.hpp">
      <Filter>Header Files\detail</Filter>
    </ClInclude>
    <ClInclude Include="luabind\detail\call_function.hpp">
      <Filter>Header Files\detail</Filter>
    </ClInclude>
    <ClInclude Include="luabind\detail\call_member.hpp">
      <Filter>Header Files\detail</Filter>
    </ClInclude>
    <ClInclude Include="luabind\detail\call_shared.hpp">
      <Filter>Header Files\detail</Filter>
    </ClInclude>
    <ClInclude Include="luabind\detail\call_traits.hpp">
      <Filter>Header Files\detail</Filter>
    </ClInclude>
    <ClInclude Include="luabind\detail\class_registry.hpp">
      <Filter>Header Files\detail</Filter>
    </ClInclude>
    <ClInclude Include="luabind\detail\class_rep.hpp">
      <Filter>Header Files\detail</Filter>
    </ClInclude>
    <ClInclude Include="luabind\detail\constructor.hpp">
      <Filter>Header Files\detail</Filter>
    </ClInclude>
    <ClInclude Include="luabind\detail\conversion_storage.hpp">
      <Filter>Header Files\detail</Filter>
    </ClInclude>
    <ClInclude Include="luabind\detail\convert_to_lua.hpp">
      <Filter>Header Files\detail</Filter>
    </ClInclude>
    <ClInclude Include="luabind\detail\crtp_iterator.hpp">
      <Filter>Header Files\detail</Filter>
    </ClInclude>
    <ClInclude Include="luabind\detail\debug.hpp">
      <Filter>Header Files\detail</Filter>
    </ClInclude>
    <ClInclude Include="luabind\detail\decorate_type.hpp">
      <Filter>Header Files\detail</Filter>
    </ClInclude>
    <ClInclude Include="luabind\detail\deduce_signature.hpp">
      <Filter>Header Files\detail</Filter>
    </ClInclude>
    <ClInclude Include="luabind\detail\enum_maker.hpp">
      <Filter>Header Files\detail</Filter>
    </ClInclude>
    <ClInclude Include="luabind\detail\format_signature.hpp">
      <Filter>Header Files\detail</Filter>
    </ClInclude>
    <ClInclude Include="luabind\detail\garbage_collector.hpp">
      <Filter>Header Files\detail</Filter>
    </ClInclude>
    <ClInclude Include="luabind\detail\has_get_pointer.hpp">
      <Filter>Header Files\detail</Filter>
    </ClInclude>
    <ClInclude Include="luabind\detail\inheritance.hpp">
      <Filter>Header Files\detail</Filter>
    </ClInclude>
    <ClInclude Include="luabind\detail\instance_holder.hpp">
      <Filter>Header Files\detail</Filter>
    </ClInclude>
    <ClInclude Include="luabind\detail\link_compatibility.hpp">
      <Filter>Header Files\detail</Filter>
    </ClInclude>
    <ClInclude Include="luabind\detail\make_instance.hpp">
      <Filter>Header Files\detail</Filter>
    </ClInclude>
    <ClInclude Include="luabind\detail\meta.hpp">
      <Filter>Header Files\detail</Filter>
    </ClInclude>
    <ClInclude Include="luabind\detail\most_derived.hpp">
      <Filter>Header Files\detail</Filter>
    </ClInclude>
    <ClInclude Include="luabind\detail\object.hpp">
      <Filter>Header Files\detail</Filter>
    </ClInclude>
    <ClInclude Include="luabind\detail\object_rep.hpp">
      <Filter>Header Files\detail</Filter>
    </ClInclude>
    <ClInclude Include="luabind\detail\open.hpp">
      <Filter>Header Files\detail</Filter>
    </ClInclude>
    <ClInclude Include="luabind\detail\operator_id.hpp">
      <Filter>Header Files\detail</Filter>
    </ClInclude>
    <ClInclude Include="luabind\detail\other.hpp">
      <Filter>Header Files\detail</Filter>
    </ClInclude>
    <ClInclude Include="luabind\detail\pcall.hpp">
      <Filter>Header Files\detail</Filter>
    </ClInclude>
    <ClInclude Include="luabind\detail\pointee_sizeof.hpp">
      <Filter>Header Files\detail</Filter>
    </ClInclude>
    <ClInclude Include="luabind\detail\pointee_typeid.hpp">
      <Filter>Header Files\detail</Filter>
    </ClInclude>
    <ClInclude Include="luabind\detail\policy.hpp">
      <Filter>Header Files\detail</Filter>
    </ClInclude>
    <ClInclude Include="luabind\detail\primitives.hpp">
      <Filter>Header Files\detail</Filter>
    </ClInclude>
    <ClInclude Include="luabind\detail\property.hpp">
      <Filter>Header Files\detail</Filter>
    </ClInclude>
    <ClInclude Include="luabind\detail\ref.hpp">
      <Filter>Header Files\detail</Filter>
    </ClInclude>
    <ClInclude Include="luabind\detail\signature_match.hpp">
      <Filter>Header Files\detail</Filter>
    </ClInclude>
    <ClInclude Include="luabind\detail\stack_utils.hpp">
      <Filter>Header Files\detail</Filter>
    </ClInclude>
    <ClInclude Include="luabind\detail\typetraits.hpp">
      <Filter>Header Files\detail</Filter>
    </ClInclude>
    <ClInclude Include="luabind\detail\yes_no.hpp">
      <Filter>Header Files\detail</Filter>
    </ClInclude>
    <ClInclude Include="luabind\detail\conversion_policies\conversion_base.hpp">
      <Filter>Header Files\detail\conversion_policies</Filter>
    </ClInclude>
    <ClInclude Include="luabind\detail\conversion_policies\conversion_policies.hpp">
      <Filter>Header Files\detail\conversion_policies</Filter>
    </ClInclude>
    <ClInclude Include="luabind\detail\conversion_policies\enum_converter.hpp">
      <Filter>Header Files\detail\conversion_policies</Filter>
    </ClInclude>
    <ClInclude Include="luabind\detail\conversion_policies\function_converter.hpp">
      <Filter>Header Files\detail\conversion_policies</Filter>
    </ClInclude>
    <ClInclude Include="luabind\detail\conversion_policies\lua_proxy_converter.hpp">
      <Filter>Header Files\detail\conversion_policies</Filter>
    </ClInclude>
    <ClInclude Include="luabind\detail\conversion_policies\native_converter.hpp">
      <Filter>Header Files\detail\conversion_policies</Filter>
    </ClInclude>
    <ClInclude Include="luabind\detail\conversion_policies\pointer_converter.hpp">
      <Filter>Header Files\detail\conversion_policies</Filter>
    </ClInclude>
    <ClInclude Include="luabind\detail\conversion_policies\reference_converter.hpp">
      <Filter>Header Files\detail\conversion_policies</Filter>
    </ClInclude>
    <ClInclude Include="luabind\detail\conversion_policies\value_converter.hpp">
      <Filter>Header Files\detail\conversion_policies</Filter>
    </ClInclude>
  </ItemGroup>
</Project>