
Microsoft Visual Studio Solution File, Format Version 12.00
# Visual Studio 2013
VisualStudioVersion = 12.0.31101.0
MinimumVisualStudioVersion = 10.0.40219.1
Project("{8BC9CEB8-8B4A-11D0-8D11-00A0C91BC942}") = "Sparky-core", "Sparky-core\Sparky-core.vcxproj", "{C737C239-3A40-4388-9C61-6CF779025785}"
EndProject
Project("{2150E333-8FDC-42A3-9474-1A3956D46DE8}") = "Solution Items", "Solution Items", "{DB3E5C17-038C-4F6B-9CB3-B69A18A4E1CB}"
	ProjectSection(SolutionItems) = preProject
		Performance1.psess = Performance1.psess
		Performance2.psess = Performance2.psess
		Performance3.psess = Performance3.psess
	EndProjectSection
EndProject
Global
	GlobalSection(SolutionConfigurationPlatforms) = preSolution
		Debug|Win32 = Debug|Win32
		Release|Win32 = Release|Win32
	EndGlobalSection
	GlobalSection(ProjectConfigurationPlatforms) = postSolution
		{C737C239-3A40-4388-9C61-6CF779025785}.Debug|Win32.ActiveCfg = Debug|Win32
		{C737C239-3A40-4388-9C61-6CF779025785}.Debug|Win32.Build.0 = Debug|Win32
		{C737C239-3A40-4388-9C61-6CF779025785}.Release|Win32.ActiveCfg = Release|Win32
		{C737C239-3A40-4388-9C61-6CF779025785}.Release|Win32.Build.0 = Release|Win32
	EndGlobalSection
	GlobalSection(SolutionProperties) = preSolution
		HideSolutionNode = FALSE
	EndGlobalSection
	GlobalSection(Performance) = preSolution
		HasPerformanceSessions = true
	EndGlobalSection
EndGlobal
